{
  "nodes": {
    "ai-nvim-src": {
      "flake": false,
      "locked": {
        "lastModified": 1703406068,
        "narHash": "sha256-HVI2emaW4PSXcg+iO4OUHOqDYj1Jzze1Ee2GJO03Hoo=",
        "owner": "gera2ld",
        "repo": "ai.nvim",
        "rev": "7fce571d1efe34fb41989a899efe0c57e13111a3",
        "type": "github"
      },
      "original": {
        "owner": "gera2ld",
        "repo": "ai.nvim",
        "type": "github"
      }
    },
    "clear-action-nvim-src": {
      "flake": false,
      "locked": {
        "lastModified": 1704702163,
        "narHash": "sha256-RJHNwvEOSW4JpRPRGiMb9tssGV4E3Jf0dS5jzVAWjRA=",
        "owner": "luckasRanarison",
        "repo": "clear-action.nvim",
        "rev": "29ca65333238607ff503950fdd5d122d73a3902f",
        "type": "github"
      },
      "original": {
        "owner": "luckasRanarison",
        "repo": "clear-action.nvim",
        "type": "github"
      }
    },
    "codeium-nvim": {
      "inputs": {
        "flake-utils": "flake-utils",
        "nixpkgs": [
          "nixpkgs"
        ]
      },
      "locked": {
        "lastModified": 1703626554,
        "narHash": "sha256-LnPNj12V0ecCp3ScXoLuoaWp8qIiAoqdPmYtJZ7ZEoc=",
        "owner": "Exafunction",
        "repo": "codeium.nvim",
        "rev": "f871000e91faa9ed334da2bfa4eadbf54d0e1047",
        "type": "github"
      },
      "original": {
        "owner": "Exafunction",
        "repo": "codeium.nvim",
        "type": "github"
      }
    },
    "conform-src": {
      "flake": false,
      "locked": {
        "lastModified": 1704781474,
        "narHash": "sha256-I+TfrO23cGp5Ja+id8nembFllzsbTpYLr4A8PPVARLY=",
        "owner": "stevearc",
        "repo": "conform.nvim",
        "rev": "75e7c5c7eb5fbd53f8b12dc420b31ec70770b231",
        "type": "github"
      },
      "original": {
        "owner": "stevearc",
        "repo": "conform.nvim",
        "type": "github"
      }
    },
    "dropbar-nvim-src": {
      "flake": false,
      "locked": {
        "lastModified": 1705052883,
        "narHash": "sha256-AsghnvsnjWhqb6Bf7oqeU5ByKt/xbxICJVKwDcn6ABk=",
        "owner": "Bekaboo",
        "repo": "dropbar.nvim",
        "rev": "104e664dfa7e974e93200298f806d2da967c5dd0",
        "type": "github"
      },
      "original": {
        "owner": "Bekaboo",
        "repo": "dropbar.nvim",
        "type": "github"
      }
    },
    "flake-compat": {
      "flake": false,
      "locked": {
        "lastModified": 1696426674,
        "narHash": "sha256-kvjfFW7WAETZlt09AgDn1MrtKzP7t90Vf7vypd3OL1U=",
        "owner": "edolstra",
        "repo": "flake-compat",
        "rev": "0f9255e01c2351cc7d116c072cb317785dd33b33",
        "type": "github"
      },
      "original": {
        "owner": "edolstra",
        "repo": "flake-compat",
        "type": "github"
      }
    },
    "flake-compat_2": {
      "flake": false,
      "locked": {
        "lastModified": 1673956053,
        "narHash": "sha256-4gtG9iQuiKITOjNQQeQIpoIB6b16fm+504Ch3sNKLd8=",
        "owner": "edolstra",
        "repo": "flake-compat",
        "rev": "35bb57c0c8d8b62bbfd284272c928ceb64ddbde9",
        "type": "github"
      },
      "original": {
        "owner": "edolstra",
        "repo": "flake-compat",
        "type": "github"
      }
    },
    "flake-parts": {
      "inputs": {
        "nixpkgs-lib": [
          "neovim-nightly-overlay",
          "nixpkgs"
        ]
      },
      "locked": {
        "lastModified": 1704982712,
        "narHash": "sha256-2Ptt+9h8dczgle2Oo6z5ni5rt/uLMG47UFTR1ry/wgg=",
        "owner": "hercules-ci",
        "repo": "flake-parts",
        "rev": "07f6395285469419cf9d078f59b5b49993198c00",
        "type": "github"
      },
      "original": {
        "owner": "hercules-ci",
        "repo": "flake-parts",
        "type": "github"
      }
    },
    "flake-parts_2": {
      "inputs": {
        "nixpkgs-lib": [
          "neovim-nightly-overlay",
          "hercules-ci-effects",
          "nixpkgs"
        ]
      },
      "locked": {
        "lastModified": 1701473968,
        "narHash": "sha256-YcVE5emp1qQ8ieHUnxt1wCZCC3ZfAS+SRRWZ2TMda7E=",
        "owner": "hercules-ci",
        "repo": "flake-parts",
        "rev": "34fed993f1674c8d06d58b37ce1e0fe5eebcb9f5",
        "type": "github"
      },
      "original": {
        "id": "flake-parts",
        "type": "indirect"
      }
    },
    "flake-parts_3": {
      "inputs": {
        "nixpkgs-lib": [
          "nixvim",
          "nixpkgs"
        ]
      },
      "locked": {
        "lastModified": 1704152458,
        "narHash": "sha256-DS+dGw7SKygIWf9w4eNBUZsK+4Ug27NwEWmn2tnbycg=",
        "owner": "hercules-ci",
        "repo": "flake-parts",
        "rev": "88a2cd8166694ba0b6cb374700799cec53aef527",
        "type": "github"
      },
      "original": {
        "owner": "hercules-ci",
        "repo": "flake-parts",
        "type": "github"
      }
    },
    "flake-utils": {
      "inputs": {
        "systems": "systems"
      },
      "locked": {
        "lastModified": 1701680307,
        "narHash": "sha256-kAuep2h5ajznlPMD9rnQyffWG8EM/C73lejGofXvdM8=",
        "owner": "numtide",
        "repo": "flake-utils",
        "rev": "4022d587cbbfd70fe950c1e2083a02621806a725",
        "type": "github"
      },
      "original": {
        "owner": "numtide",
        "repo": "flake-utils",
        "type": "github"
      }
    },
    "flake-utils_2": {
      "inputs": {
        "systems": "systems_2"
      },
      "locked": {
        "lastModified": 1701680307,
        "narHash": "sha256-kAuep2h5ajznlPMD9rnQyffWG8EM/C73lejGofXvdM8=",
        "owner": "numtide",
        "repo": "flake-utils",
        "rev": "4022d587cbbfd70fe950c1e2083a02621806a725",
        "type": "github"
      },
      "original": {
        "owner": "numtide",
        "repo": "flake-utils",
        "type": "github"
      }
    },
    "flake-utils_3": {
      "inputs": {
        "systems": "systems_3"
      },
      "locked": {
        "lastModified": 1701680307,
        "narHash": "sha256-kAuep2h5ajznlPMD9rnQyffWG8EM/C73lejGofXvdM8=",
        "owner": "numtide",
        "repo": "flake-utils",
        "rev": "4022d587cbbfd70fe950c1e2083a02621806a725",
        "type": "github"
      },
      "original": {
        "owner": "numtide",
        "repo": "flake-utils",
        "type": "github"
      }
    },
    "flake-utils_4": {
      "inputs": {
        "systems": "systems_4"
      },
      "locked": {
        "lastModified": 1685518550,
        "narHash": "sha256-o2d0KcvaXzTrPRIo0kOLV0/QXHhDQ5DTi+OxcjO8xqY=",
        "owner": "numtide",
        "repo": "flake-utils",
        "rev": "a1720a10a6cfe8234c0e93907ffe81be440f4cef",
        "type": "github"
      },
      "original": {
        "owner": "numtide",
        "repo": "flake-utils",
        "type": "github"
      }
    },
    "gitignore": {
      "inputs": {
        "nixpkgs": [
          "nixvim",
          "pre-commit-hooks",
          "nixpkgs"
        ]
      },
      "locked": {
        "lastModified": 1660459072,
        "narHash": "sha256-8DFJjXG8zqoONA1vXtgeKXy68KdJL5UaXR8NtVMUbx8=",
        "owner": "hercules-ci",
        "repo": "gitignore.nix",
        "rev": "a20de23b925fd8264fd7fad6454652e142fd7f73",
        "type": "github"
      },
      "original": {
        "owner": "hercules-ci",
        "repo": "gitignore.nix",
        "type": "github"
      }
    },
    "hercules-ci-effects": {
      "inputs": {
        "flake-parts": "flake-parts_2",
        "nixpkgs": [
          "neovim-nightly-overlay",
          "nixpkgs"
        ]
      },
      "locked": {
        "lastModified": 1704029560,
        "narHash": "sha256-a4Iu7x1OP+uSYpqadOu8VCPY+MPF3+f6KIi+MAxlgyw=",
        "owner": "hercules-ci",
        "repo": "hercules-ci-effects",
        "rev": "d5cbf433a6ae9cae05400189a8dbc6412a03ba16",
        "type": "github"
      },
      "original": {
        "owner": "hercules-ci",
        "repo": "hercules-ci-effects",
        "type": "github"
      }
    },
    "home-manager": {
      "inputs": {
        "nixpkgs": [
          "nixvim",
          "nixpkgs"
        ]
      },
      "locked": {
        "lastModified": 1704498488,
        "narHash": "sha256-yINKdShHrtjdiJhov+q0s3Y3B830ujRoSbHduUNyKag=",
        "owner": "nix-community",
        "repo": "home-manager",
        "rev": "51e44a13acea71b36245e8bd8c7db53e0a3e61ee",
        "type": "github"
      },
      "original": {
        "owner": "nix-community",
        "repo": "home-manager",
        "type": "github"
      }
    },
    "maximize-nvim-src": {
      "flake": false,
      "locked": {
        "lastModified": 1670141700,
        "narHash": "sha256-k8Cqti4nLUvtl0EBaU8ZPYJ6JlfnRlN6nCxE/WHrbnw=",
        "owner": "declancm",
        "repo": "maximize.nvim",
        "rev": "97bfc171775c404396f8248776347ebe64474fe7",
        "type": "github"
      },
      "original": {
        "owner": "declancm",
        "repo": "maximize.nvim",
        "type": "github"
      }
    },
    "neodev-nvim-src": {
      "flake": false,
      "locked": {
        "lastModified": 1705039548,
        "narHash": "sha256-H6O7qnHqr14SfJ36MZX9EbR+lZQpp8YBeVlhlRrPT44=",
        "owner": "folke",
        "repo": "neodev.nvim",
        "rev": "dde00106b9094f101980b364fae02fd85d357306",
        "type": "github"
      },
      "original": {
        "owner": "folke",
        "repo": "neodev.nvim",
        "type": "github"
      }
    },
    "neovim-flake": {
      "inputs": {
        "flake-utils": "flake-utils_3",
        "nixpkgs": [
          "neovim-nightly-overlay",
          "nixpkgs"
        ]
      },
      "locked": {
        "dir": "contrib",
        "lastModified": 1705005443,
        "narHash": "sha256-FQ1XvXu+VOXkYRCa0jIGdIcz/Pi9lKYDdk9oDq52XeQ=",
        "owner": "neovim",
        "repo": "neovim",
        "rev": "1813661a6197c76ea6621284570aca1d56597099",
        "type": "github"
      },
      "original": {
        "dir": "contrib",
        "owner": "neovim",
        "repo": "neovim",
        "type": "github"
      }
    },
    "neovim-nightly-overlay": {
      "inputs": {
        "flake-compat": "flake-compat",
        "flake-parts": "flake-parts",
        "hercules-ci-effects": "hercules-ci-effects",
        "neovim-flake": "neovim-flake",
        "nixpkgs": "nixpkgs"
      },
      "locked": {
        "lastModified": 1705017835,
        "narHash": "sha256-jYkZ4vLLFNLnDunD8XhJWHb2WKFQ0JcGiSBU+U13SwU=",
        "owner": "nix-community",
        "repo": "neovim-nightly-overlay",
        "rev": "1f54e89757bd951470a9dcc8d83474e363f130c5",
        "type": "github"
      },
      "original": {
        "owner": "nix-community",
        "repo": "neovim-nightly-overlay",
        "type": "github"
      }
    },
    "nix-darwin": {
      "inputs": {
        "nixpkgs": [
          "nixvim",
          "nixpkgs"
        ]
      },
      "locked": {
        "lastModified": 1704277720,
        "narHash": "sha256-meAKNgmh3goankLGWqqpw73pm9IvXjEENJloF0coskE=",
        "owner": "lnl7",
        "repo": "nix-darwin",
        "rev": "0dd382b70c351f528561f71a0a7df82c9d2be9a4",
        "type": "github"
      },
      "original": {
        "owner": "lnl7",
        "repo": "nix-darwin",
        "type": "github"
      }
    },
    "nixpkgs": {
      "locked": {
        "lastModified": 1704842529,
        "narHash": "sha256-OTeQA+F8d/Evad33JMfuXC89VMetQbsU4qcaePchGr4=",
        "owner": "NixOS",
        "repo": "nixpkgs",
        "rev": "eabe8d3eface69f5bb16c18f8662a702f50c20d5",
        "type": "github"
      },
      "original": {
        "owner": "NixOS",
        "ref": "nixpkgs-unstable",
        "repo": "nixpkgs",
        "type": "github"
      }
    },
    "nixpkgs_2": {
      "locked": {
        "lastModified": 1704842529,
        "narHash": "sha256-OTeQA+F8d/Evad33JMfuXC89VMetQbsU4qcaePchGr4=",
        "owner": "NixOS",
        "repo": "nixpkgs",
        "rev": "eabe8d3eface69f5bb16c18f8662a702f50c20d5",
        "type": "github"
      },
      "original": {
        "id": "nixpkgs",
        "type": "indirect"
      }
    },
    "nixpkgs_3": {
      "locked": {
        "lastModified": 1704538339,
        "narHash": "sha256-1734d3mQuux9ySvwf6axRWZRBhtcZA9Q8eftD6EZg6U=",
        "owner": "NixOS",
        "repo": "nixpkgs",
        "rev": "46ae0210ce163b3cba6c7da08840c1d63de9c701",
        "type": "github"
      },
      "original": {
        "owner": "NixOS",
        "ref": "nixos-unstable",
        "repo": "nixpkgs",
        "type": "github"
      }
    },
    "nixvim": {
      "inputs": {
        "flake-parts": "flake-parts_3",
        "home-manager": "home-manager",
        "nix-darwin": "nix-darwin",
        "nixpkgs": "nixpkgs_3",
        "pre-commit-hooks": "pre-commit-hooks"
      },
      "locked": {
        "lastModified": 1705099172,
        "narHash": "sha256-1ZwpL1E53AJscPHbY6Vu34OJlJYey0NliJlC/d/bbso=",
        "owner": "nix-community",
        "repo": "nixvim",
        "rev": "749a8a38c4745ba2540c70f0b15f1c4af10da180",
        "type": "github"
      },
      "original": {
        "owner": "nix-community",
        "repo": "nixvim",
        "type": "github"
      }
    },
    "nvim-ufo-src": {
      "flake": false,
      "locked": {
        "lastModified": 1704907779,
        "narHash": "sha256-Iwwp8JAZ07jP9HNGNrzFBWCB4XDyWE9DXjbZa+lDqBs=",
        "owner": "kevinhwang91",
        "repo": "nvim-ufo",
        "rev": "35089d4bf300943f1ab04c631d9b8a44ebbfc174",
        "type": "github"
      },
      "original": {
        "owner": "kevinhwang91",
        "repo": "nvim-ufo",
        "type": "github"
      }
    },
    "oil-nvim-src": {
      "flake": false,
      "locked": {
        "lastModified": 1704658417,
        "narHash": "sha256-+zdnpmxfzyKjVZjvL5BWxbsmdvnNR5l3Q6XSJRJCLMk=",
        "owner": "stevearc",
        "repo": "oil.nvim",
        "rev": "c4cc8240f1c71defcb67c45da96e44b968d29e5f",
        "type": "github"
      },
      "original": {
        "owner": "stevearc",
        "repo": "oil.nvim",
        "type": "github"
      }
    },
    "pre-commit-hooks": {
      "inputs": {
        "flake-compat": "flake-compat_2",
        "flake-utils": "flake-utils_4",
        "gitignore": "gitignore",
        "nixpkgs": [
          "nixvim",
          "nixpkgs"
        ],
        "nixpkgs-stable": [
          "nixvim",
          "nixpkgs"
        ]
      },
      "locked": {
        "lastModified": 1704668415,
        "narHash": "sha256-BMzNHFod53iiU4lkR5WHwqQCFmaCLq85sUCskXneXlA=",
        "owner": "cachix",
        "repo": "pre-commit-hooks.nix",
        "rev": "44493e2b3c3ebcd39a9947e9ed9f2c2af164ec4c",
        "type": "github"
      },
      "original": {
        "owner": "cachix",
        "repo": "pre-commit-hooks.nix",
        "type": "github"
      }
    },
    "root": {
      "inputs": {
        "ai-nvim-src": "ai-nvim-src",
        "clear-action-nvim-src": "clear-action-nvim-src",
        "codeium-nvim": "codeium-nvim",
        "conform-src": "conform-src",
        "dropbar-nvim-src": "dropbar-nvim-src",
        "flake-utils": "flake-utils_2",
        "maximize-nvim-src": "maximize-nvim-src",
        "neodev-nvim-src": "neodev-nvim-src",
        "neovim-nightly-overlay": "neovim-nightly-overlay",
        "nixpkgs": "nixpkgs_2",
        "nixvim": "nixvim",
        "nvim-ufo-src": "nvim-ufo-src",
        "oil-nvim-src": "oil-nvim-src",
        "statuscol-nvim-src": "statuscol-nvim-src"
      }
    },
    "statuscol-nvim-src": {
      "flake": false,
      "locked": {
        "lastModified": 1703346327,
        "narHash": "sha256-A4pB7qNuEnI/iGhEUaL+FfS6A7c5tQdcb4IXGHFme+E=",
        "owner": "luukvbaal",
        "repo": "statuscol.nvim",
        "rev": "3b629754420919575a9e5758027d6e1831dbf2aa",
        "type": "github"
      },
      "original": {
        "owner": "luukvbaal",
        "repo": "statuscol.nvim",
        "type": "github"
      }
    },
    "systems": {
      "locked": {
        "lastModified": 1681028828,
        "narHash": "sha256-Vy1rq5AaRuLzOxct8nz4T6wlgyUR7zLU309k9mBC768=",
        "owner": "nix-systems",
        "repo": "default",
        "rev": "da67096a3b9bf56a91d16901293e51ba5b49a27e",
        "type": "github"
      },
      "original": {
        "owner": "nix-systems",
        "repo": "default",
        "type": "github"
      }
    },
    "systems_2": {
      "locked": {
        "lastModified": 1681028828,
        "narHash": "sha256-Vy1rq5AaRuLzOxct8nz4T6wlgyUR7zLU309k9mBC768=",
        "owner": "nix-systems",
        "repo": "default",
        "rev": "da67096a3b9bf56a91d16901293e51ba5b49a27e",
        "type": "github"
      },
      "original": {
        "owner": "nix-systems",
        "repo": "default",
        "type": "github"
      }
    },
    "systems_3": {
      "locked": {
        "lastModified": 1681028828,
        "narHash": "sha256-Vy1rq5AaRuLzOxct8nz4T6wlgyUR7zLU309k9mBC768=",
        "owner": "nix-systems",
        "repo": "default",
        "rev": "da67096a3b9bf56a91d16901293e51ba5b49a27e",
        "type": "github"
      },
      "original": {
        "owner": "nix-systems",
        "repo": "default",
        "type": "github"
      }
    },
    "systems_4": {
      "locked": {
        "lastModified": 1681028828,
        "narHash": "sha256-Vy1rq5AaRuLzOxct8nz4T6wlgyUR7zLU309k9mBC768=",
        "owner": "nix-systems",
        "repo": "default",
        "rev": "da67096a3b9bf56a91d16901293e51ba5b49a27e",
        "type": "github"
      },
      "original": {
        "owner": "nix-systems",
        "repo": "default",
        "type": "github"
      }
    }
  },
  "root": "root",
  "version": 7
}
